// !$*UTF8*$!
{
	archiveVersion = 1;
	classes = {
	};
	objectVersion = 50;
	objects = {

/* Begin PBXBuildFile section */
		0434FCCC20B1C8C8008498CF /* AppDelegate.m in Sources */ = {isa = PBXBuildFile; fileRef = 0434FCCB20B1C8C8008498CF /* AppDelegate.m */; };
		0434FCD420B1C8FD008498CF /* Assets.xcassets in Resources */ = {isa = PBXBuildFile; fileRef = 0434FCD320B1C8FD008498CF /* Assets.xcassets */; };
		0434FCD720B1C8FD008498CF /* LaunchScreen.storyboard in Resources */ = {isa = PBXBuildFile; fileRef = 0434FCD520B1C8FD008498CF /* LaunchScreen.storyboard */; };
		0434FCDA20B1C8FD008498CF /* main.m in Sources */ = {isa = PBXBuildFile; fileRef = 0434FCD920B1C8FD008498CF /* main.m */; };
		0434FCE420B1C8FF008498CF /* CanadaFactsTests.m in Sources */ = {isa = PBXBuildFile; fileRef = 0434FCE320B1C8FF008498CF /* CanadaFactsTests.m */; };
		0434FCEF20B1C8FF008498CF /* CanadaFactsUITests.m in Sources */ = {isa = PBXBuildFile; fileRef = 0434FCEE20B1C8FF008498CF /* CanadaFactsUITests.m */; };
		0444AC5A20B458E400D49B75 /* FactsDataModel.m in Sources */ = {isa = PBXBuildFile; fileRef = 0444AC5920B458E400D49B75 /* FactsDataModel.m */; };
		04DFE55A20B2B86D001947D8 /* FactsViewController.m in Sources */ = {isa = PBXBuildFile; fileRef = 04DFE55920B2B86D001947D8 /* FactsViewController.m */; };
		04DFE56020B2C45D001947D8 /* FactsViewCell.m in Sources */ = {isa = PBXBuildFile; fileRef = 04DFE55F20B2C45D001947D8 /* FactsViewCell.m */; };
		04DFE56320B2CFAA001947D8 /* FactsJsonObject.m in Sources */ = {isa = PBXBuildFile; fileRef = 04DFE56220B2CFAA001947D8 /* FactsJsonObject.m */; };
/* End PBXBuildFile section */

/* Begin PBXContainerItemProxy section */
		0434FCE020B1C8FF008498CF /* PBXContainerItemProxy */ = {
			isa = PBXContainerItemProxy;
			containerPortal = 0434FCBF20B1C8C5008498CF /* Project object */;
			proxyType = 1;
			remoteGlobalIDString = 0434FCC620B1C8C6008498CF;
			remoteInfo = CanadaFacts;
		};
		0434FCEB20B1C8FF008498CF /* PBXContainerItemProxy */ = {
			isa = PBXContainerItemProxy;
			containerPortal = 0434FCBF20B1C8C5008498CF /* Project object */;
			proxyType = 1;
			remoteGlobalIDString = 0434FCC620B1C8C6008498CF;
			remoteInfo = CanadaFacts;
		};
/* End PBXContainerItemProxy section */

/* Begin PBXFileReference section */
		0434FCC720B1C8C7008498CF /* CanadaFacts.app */ = {isa = PBXFileReference; explicitFileType = wrapper.application; includeInIndex = 0; path = CanadaFacts.app; sourceTree = BUILT_PRODUCTS_DIR; };
		0434FCCA20B1C8C8008498CF /* AppDelegate.h */ = {isa = PBXFileReference; lastKnownFileType = sourcecode.c.h; path = AppDelegate.h; sourceTree = "<group>"; };
		0434FCCB20B1C8C8008498CF /* AppDelegate.m */ = {isa = PBXFileReference; lastKnownFileType = sourcecode.c.objc; path = AppDelegate.m; sourceTree = "<group>"; };
		0434FCD320B1C8FD008498CF /* Assets.xcassets */ = {isa = PBXFileReference; lastKnownFileType = folder.assetcatalog; path = Assets.xcassets; sourceTree = "<group>"; };
		0434FCD620B1C8FD008498CF /* Base */ = {isa = PBXFileReference; lastKnownFileType = file.storyboard; name = Base; path = Base.lproj/LaunchScreen.storyboard; sourceTree = "<group>"; };
		0434FCD820B1C8FD008498CF /* Info.plist */ = {isa = PBXFileReference; lastKnownFileType = text.plist.xml; path = Info.plist; sourceTree = "<group>"; };
		0434FCD920B1C8FD008498CF /* main.m */ = {isa = PBXFileReference; lastKnownFileType = sourcecode.c.objc; path = main.m; sourceTree = "<group>"; };
		0434FCDF20B1C8FF008498CF /* CanadaFactsTests.xctest */ = {isa = PBXFileReference; explicitFileType = wrapper.cfbundle; includeInIndex = 0; path = CanadaFactsTests.xctest; sourceTree = BUILT_PRODUCTS_DIR; };
		0434FCE320B1C8FF008498CF /* CanadaFactsTests.m */ = {isa = PBXFileReference; lastKnownFileType = sourcecode.c.objc; path = CanadaFactsTests.m; sourceTree = "<group>"; };
		0434FCE520B1C8FF008498CF /* Info.plist */ = {isa = PBXFileReference; lastKnownFileType = text.plist.xml; path = Info.plist; sourceTree = "<group>"; };
		0434FCEA20B1C8FF008498CF /* CanadaFactsUITests.xctest */ = {isa = PBXFileReference; explicitFileType = wrapper.cfbundle; includeInIndex = 0; path = CanadaFactsUITests.xctest; sourceTree = BUILT_PRODUCTS_DIR; };
		0434FCEE20B1C8FF008498CF /* CanadaFactsUITests.m */ = {isa = PBXFileReference; lastKnownFileType = sourcecode.c.objc; path = CanadaFactsUITests.m; sourceTree = "<group>"; };
		0434FCF020B1C8FF008498CF /* Info.plist */ = {isa = PBXFileReference; lastKnownFileType = text.plist.xml; path = Info.plist; sourceTree = "<group>"; };
		0444AC5820B458E400D49B75 /* FactsDataModel.h */ = {isa = PBXFileReference; lastKnownFileType = sourcecode.c.h; path = FactsDataModel.h; sourceTree = "<group>"; };
		0444AC5920B458E400D49B75 /* FactsDataModel.m */ = {isa = PBXFileReference; lastKnownFileType = sourcecode.c.objc; path = FactsDataModel.m; sourceTree = "<group>"; };
		04DFE55820B2B86D001947D8 /* FactsViewController.h */ = {isa = PBXFileReference; lastKnownFileType = sourcecode.c.h; path = FactsViewController.h; sourceTree = "<group>"; };
		04DFE55920B2B86D001947D8 /* FactsViewController.m */ = {isa = PBXFileReference; lastKnownFileType = sourcecode.c.objc; path = FactsViewController.m; sourceTree = "<group>"; };
		04DFE55E20B2C45D001947D8 /* FactsViewCell.h */ = {isa = PBXFileReference; lastKnownFileType = sourcecode.c.h; path = FactsViewCell.h; sourceTree = "<group>"; };
		04DFE55F20B2C45D001947D8 /* FactsViewCell.m */ = {isa = PBXFileReference; lastKnownFileType = sourcecode.c.objc; path = FactsViewCell.m; sourceTree = "<group>"; };
		04DFE56120B2CFAA001947D8 /* FactsJsonObject.h */ = {isa = PBXFileReference; lastKnownFileType = sourcecode.c.h; path = FactsJsonObject.h; sourceTree = "<group>"; };
		04DFE56220B2CFAA001947D8 /* FactsJsonObject.m */ = {isa = PBXFileReference; lastKnownFileType = sourcecode.c.objc; path = FactsJsonObject.m; sourceTree = "<group>"; };
/* End PBXFileReference section */

/* Begin PBXFrameworksBuildPhase section */
		0434FCC420B1C8C6008498CF /* Frameworks */ = {
			isa = PBXFrameworksBuildPhase;
			buildActionMask = 2147483647;
			files = (
			);
			runOnlyForDeploymentPostprocessing = 0;
		};
		0434FCDC20B1C8FF008498CF /* Frameworks */ = {
			isa = PBXFrameworksBuildPhase;
			buildActionMask = 2147483647;
			files = (
			);
			runOnlyForDeploymentPostprocessing = 0;
		};
		0434FCE720B1C8FF008498CF /* Frameworks */ = {
			isa = PBXFrameworksBuildPhase;
			buildActionMask = 2147483647;
			files = (
			);
			runOnlyForDeploymentPostprocessing = 0;
		};
/* End PBXFrameworksBuildPhase section */

/* Begin PBXGroup section */
		0434FCBE20B1C8C4008498CF = {
			isa = PBXGroup;
			children = (
				0434FCC920B1C8C7008498CF /* CanadaFacts */,
				0434FCE220B1C8FF008498CF /* CanadaFactsTests */,
				0434FCED20B1C8FF008498CF /* CanadaFactsUITests */,
				0434FCC820B1C8C7008498CF /* Products */,
			);
			sourceTree = "<group>";
		};
		0434FCC820B1C8C7008498CF /* Products */ = {
			isa = PBXGroup;
			children = (
				0434FCC720B1C8C7008498CF /* CanadaFacts.app */,
				0434FCDF20B1C8FF008498CF /* CanadaFactsTests.xctest */,
				0434FCEA20B1C8FF008498CF /* CanadaFactsUITests.xctest */,
			);
			name = Products;
			sourceTree = "<group>";
		};
		0434FCC920B1C8C7008498CF /* CanadaFacts */ = {
			isa = PBXGroup;
			children = (
				0434FCCA20B1C8C8008498CF /* AppDelegate.h */,
				0434FCCB20B1C8C8008498CF /* AppDelegate.m */,
				04DFE55820B2B86D001947D8 /* FactsViewController.h */,
				04DFE55920B2B86D001947D8 /* FactsViewController.m */,
				04DFE55E20B2C45D001947D8 /* FactsViewCell.h */,
				04DFE55F20B2C45D001947D8 /* FactsViewCell.m */,
				04DFE56120B2CFAA001947D8 /* FactsJsonObject.h */,
				04DFE56220B2CFAA001947D8 /* FactsJsonObject.m */,
				0444AC5820B458E400D49B75 /* FactsDataModel.h */,
				0444AC5920B458E400D49B75 /* FactsDataModel.m */,
				0434FCD320B1C8FD008498CF /* Assets.xcassets */,
				0434FCD520B1C8FD008498CF /* LaunchScreen.storyboard */,
				0434FCD820B1C8FD008498CF /* Info.plist */,
				0434FCD920B1C8FD008498CF /* main.m */,
			);
			path = CanadaFacts;
			sourceTree = "<group>";
		};
		0434FCE220B1C8FF008498CF /* CanadaFactsTests */ = {
			isa = PBXGroup;
			children = (
				0434FCE320B1C8FF008498CF /* CanadaFactsTests.m */,
				0434FCE520B1C8FF008498CF /* Info.plist */,
			);
			path = CanadaFactsTests;
			sourceTree = "<group>";
		};
		0434FCED20B1C8FF008498CF /* CanadaFactsUITests */ = {
			isa = PBXGroup;
			children = (
				0434FCEE20B1C8FF008498CF /* CanadaFactsUITests.m */,
				0434FCF020B1C8FF008498CF /* Info.plist */,
			);
			path = CanadaFactsUITests;
			sourceTree = "<group>";
		};
/* End PBXGroup section */

/* Begin PBXNativeTarget section */
		0434FCC620B1C8C6008498CF /* CanadaFacts */ = {
			isa = PBXNativeTarget;
			buildConfigurationList = 0434FCF320B1C8FF008498CF /* Build configuration list for PBXNativeTarget "CanadaFacts" */;
			buildPhases = (
				0434FCC320B1C8C6008498CF /* Sources */,
				0434FCC420B1C8C6008498CF /* Frameworks */,
				0434FCC520B1C8C6008498CF /* Resources */,
			);
			buildRules = (
			);
			dependencies = (
			);
			name = CanadaFacts;
			productName = CanadaFacts;
			productReference = 0434FCC720B1C8C7008498CF /* CanadaFacts.app */;
			productType = "com.apple.product-type.application";
		};
		0434FCDE20B1C8FF008498CF /* CanadaFactsTests */ = {
			isa = PBXNativeTarget;
			buildConfigurationList = 0434FCF620B1C8FF008498CF /* Build configuration list for PBXNativeTarget "CanadaFactsTests" */;
			buildPhases = (
				0434FCDB20B1C8FF008498CF /* Sources */,
				0434FCDC20B1C8FF008498CF /* Frameworks */,
				0434FCDD20B1C8FF008498CF /* Resources */,
			);
			buildRules = (
			);
			dependencies = (
				0434FCE120B1C8FF008498CF /* PBXTargetDependency */,
			);
			name = CanadaFactsTests;
			productName = CanadaFactsTests;
			productReference = 0434FCDF20B1C8FF008498CF /* CanadaFactsTests.xctest */;
			productType = "com.apple.product-type.bundle.unit-test";
		};
		0434FCE920B1C8FF008498CF /* CanadaFactsUITests */ = {
			isa = PBXNativeTarget;
			buildConfigurationList = 0434FCF920B1C8FF008498CF /* Build configuration list for PBXNativeTarget "CanadaFactsUITests" */;
			buildPhases = (
				0434FCE620B1C8FF008498CF /* Sources */,
				0434FCE720B1C8FF008498CF /* Frameworks */,
				0434FCE820B1C8FF008498CF /* Resources */,
			);
			buildRules = (
			);
			dependencies = (
				0434FCEC20B1C8FF008498CF /* PBXTargetDependency */,
			);
			name = CanadaFactsUITests;
			productName = CanadaFactsUITests;
			productReference = 0434FCEA20B1C8FF008498CF /* CanadaFactsUITests.xctest */;
			productType = "com.apple.product-type.bundle.ui-testing";
		};
/* End PBXNativeTarget section */

/* Begin PBXProject section */
		0434FCBF20B1C8C5008498CF /* Project object */ = {
			isa = PBXProject;
			attributes = {
				LastUpgradeCheck = 0930;
				ORGANIZATIONNAME = RanjeetHO;
				TargetAttributes = {
					0434FCC620B1C8C6008498CF = {
						CreatedOnToolsVersion = 9.3;
					};
					0434FCDE20B1C8FF008498CF = {
						CreatedOnToolsVersion = 9.3;
						TestTargetID = 0434FCC620B1C8C6008498CF;
					};
					0434FCE920B1C8FF008498CF = {
						CreatedOnToolsVersion = 9.3;
						TestTargetID = 0434FCC620B1C8C6008498CF;
					};
				};
			};
			buildConfigurationList = 0434FCC220B1C8C5008498CF /* Build configuration list for PBXProject "CanadaFacts" */;
			compatibilityVersion = "Xcode 9.3";
			developmentRegion = en;
			hasScannedForEncodings = 0;
			knownRegions = (
				en,
				Base,
			);
			mainGroup = 0434FCBE20B1C8C4008498CF;
			productRefGroup = 0434FCC820B1C8C7008498CF /* Products */;
			projectDirPath = "";
			projectRoot = "";
			targets = (
				0434FCC620B1C8C6008498CF /* CanadaFacts */,
				0434FCDE20B1C8FF008498CF /* CanadaFactsTests */,
				0434FCE920B1C8FF008498CF /* CanadaFactsUITests */,
			);
		};
/* End PBXProject section */

/* Begin PBXResourcesBuildPhase section */
		0434FCC520B1C8C6008498CF /* Resources */ = {
			isa = PBXResourcesBuildPhase;
			buildActionMask = 2147483647;
			files = (
				0434FCD720B1C8FD008498CF /* LaunchScreen.storyboard in Resources */,
				0434FCD420B1C8FD008498CF /* Assets.xcassets in Resources */,
			);
			runOnlyForDeploymentPostprocessing = 0;
		};
		0434FCDD20B1C8FF008498CF /* Resources */ = {
			isa = PBXResourcesBuildPhase;
			buildActionMask = 2147483647;
			files = (
			);
			runOnlyForDeploymentPostprocessing = 0;
		};
		0434FCE820B1C8FF008498CF /* Resources */ = {
			isa = PBXResourcesBuildPhase;
			buildActionMask = 2147483647;
			files = (
			);
			runOnlyForDeploymentPostprocessing = 0;
		};
/* End PBXResourcesBuildPhase section */

/* Begin PBXSourcesBuildPhase section */
		0434FCC320B1C8C6008498CF /* Sources */ = {
			isa = PBXSourcesBuildPhase;
			buildActionMask = 2147483647;
			files = (
				04DFE56320B2CFAA001947D8 /* FactsJsonObject.m in Sources */,
				04DFE55A20B2B86D001947D8 /* FactsViewController.m in Sources */,
				0434FCDA20B1C8FD008498CF /* main.m in Sources */,
				0444AC5A20B458E400D49B75 /* FactsDataModel.m in Sources */,
				04DFE56020B2C45D001947D8 /* FactsViewCell.m in Sources */,
				0434FCCC20B1C8C8008498CF /* AppDelegate.m in Sources */,
			);
			runOnlyForDeploymentPostprocessing = 0;
		};
		0434FCDB20B1C8FF008498CF /* Sources */ = {
			isa = PBXSourcesBuildPhase;
			buildActionMask = 2147483647;
			files = (
				0434FCE420B1C8FF008498CF /* CanadaFactsTests.m in Sources */,
			);
			runOnlyForDeploymentPostprocessing = 0;
		};
		0434FCE620B1C8FF008498CF /* Sources */ = {
			isa = PBXSourcesBuildPhase;
			buildActionMask = 2147483647;
			files = (
				0434FCEF20B1C8FF008498CF /* CanadaFactsUITests.m in Sources */,
			);
			runOnlyForDeploymentPostprocessing = 0;
		};
/* End PBXSourcesBuildPhase section */

/* Begin PBXTargetDependency section */
		0434FCE120B1C8FF008498CF /* PBXTargetDependency */ = {
			isa = PBXTargetDependency;
			target = 0434FCC620B1C8C6008498CF /* CanadaFacts */;
			targetProxy = 0434FCE020B1C8FF008498CF /* PBXContainerItemProxy */;
		};
		0434FCEC20B1C8FF008498CF /* PBXTargetDependency */ = {
			isa = PBXTargetDependency;
			target = 0434FCC620B1C8C6008498CF /* CanadaFacts */;
			targetProxy = 0434FCEB20B1C8FF008498CF /* PBXContainerItemProxy */;
		};
/* End PBXTargetDependency section */

/* Begin PBXVariantGroup section */
		0434FCD520B1C8FD008498CF /* LaunchScreen.storyboard */ = {
			isa = PBXVariantGroup;
			children = (
				0434FCD620B1C8FD008498CF /* Base */,
			);
			name = LaunchScreen.storyboard;
			sourceTree = "<group>";
		};
/* End PBXVariantGroup section */

/* Begin XCBuildConfiguration section */
		0434FCF120B1C8FF008498CF /* Debug */ = {
			isa = XCBuildConfiguration;
			buildSettings = {
				ALWAYS_SEARCH_USER_PATHS = NO;
				CLANG_ANALYZER_NONNULL = YES;
				CLANG_ANALYZER_NUMBER_OBJECT_CONVERSION = YES_AGGRESSIVE;
				CLANG_CXX_LANGUAGE_STANDARD = "gnu++14";
				CLANG_CXX_LIBRARY = "libc++";
				CLANG_ENABLE_MODULES = YES;
				CLANG_ENABLE_OBJC_ARC = YES;
				CLANG_ENABLE_OBJC_WEAK = YES;
				CLANG_WARN_BLOCK_CAPTURE_AUTORELEASING = YES;
				CLANG_WARN_BOOL_CONVERSION = YES;
				CLANG_WARN_COMMA = YES;
				CLANG_WARN_CONSTANT_CONVERSION = YES;
				CLANG_WARN_DEPRECATED_OBJC_IMPLEMENTATIONS = YES;
				CLANG_WARN_DIRECT_OBJC_ISA_USAGE = YES_ERROR;
				CLANG_WARN_DOCUMENTATION_COMMENTS = YES;
				CLANG_WARN_EMPTY_BODY = YES;
				CLANG_WARN_ENUM_CONVERSION = YES;
				CLANG_WARN_INFINITE_RECURSION = YES;
				CLANG_WARN_INT_CONVERSION = YES;
				CLANG_WARN_NON_LITERAL_NULL_CONVERSION = YES;
				CLANG_WARN_OBJC_IMPLICIT_RETAIN_SELF = YES;
				CLANG_WARN_OBJC_LITERAL_CONVERSION = YES;
				CLANG_WARN_OBJC_ROOT_CLASS = YES_ERROR;
				CLANG_WARN_RANGE_LOOP_ANALYSIS = YES;
				CLANG_WARN_STRICT_PROTOTYPES = YES;
				CLANG_WARN_SUSPICIOUS_MOVE = YES;
				CLANG_WARN_UNGUARDED_AVAILABILITY = YES_AGGRESSIVE;
				CLANG_WARN_UNREACHABLE_CODE = YES;
				CLANG_WARN__DUPLICATE_METHOD_MATCH = YES;
				CODE_SIGN_IDENTITY = "iPhone Developer";
				COPY_PHASE_STRIP = NO;
				DEBUG_INFORMATION_FORMAT = dwarf;
				ENABLE_STRICT_OBJC_MSGSEND = YES;
				ENABLE_TESTABILITY = YES;
				GCC_C_LANGUAGE_STANDARD = gnu11;
				GCC_DYNAMIC_NO_PIC = NO;
				GCC_NO_COMMON_BLOCKS = YES;
				GCC_OPTIMIZATION_LEVEL = 0;
				GCC_PREPROCESSOR_DEFINITIONS = (
					"DEBUG=1",
					"$(inherited)",
				);
				GCC_WARN_64_TO_32_BIT_CONVERSION = YES;
				GCC_WARN_ABOUT_RETURN_TYPE = YES_ERROR;
				GCC_WARN_UNDECLARED_SELECTOR = YES;
				GCC_WARN_UNINITIALIZED_AUTOS = YES_AGGRESSIVE;
				GCC_WARN_UNUSED_FUNCTION = YES;
				GCC_WARN_UNUSED_VARIABLE = YES;
				IPHONEOS_DEPLOYMENT_TARGET = 11.3;
				MTL_ENABLE_DEBUG_INFO = YES;
				ONLY_ACTIVE_ARCH = YES;
				SDKROOT = iphoneos;
			};
			name = Debug;
		};
		0434FCF220B1C8FF008498CF /* Release */ = {
			isa = XCBuildConfiguration;
			buildSettings = {
				ALWAYS_SEARCH_USER_PATHS = NO;
				CLANG_ANALYZER_NONNULL = YES;
				CLANG_ANALYZER_NUMBER_OBJECT_CONVERSION = YES_AGGRESSIVE;
				CLANG_CXX_LANGUAGE_STANDARD = "gnu++14";
				CLANG_CXX_LIBRARY = "libc++";
				CLANG_ENABLE_MODULES = YES;
				CLANG_ENABLE_OBJC_ARC = YES;
				CLANG_ENABLE_OBJC_WEAK = YES;
				CLANG_WARN_BLOCK_CAPTURE_AUTORELEASING = YES;
				CLANG_WARN_BOOL_CONVERSION = YES;
				CLANG_WARN_COMMA = YES;
				CLANG_WARN_CONSTANT_CONVERSION = YES;
				CLANG_WARN_DEPRECATED_OBJC_IMPLEMENTATIONS = YES;
				CLANG_WARN_DIRECT_OBJC_ISA_USAGE = YES_ERROR;
				CLANG_WARN_DOCUMENTATION_COMMENTS = YES;
				CLANG_WARN_EMPTY_BODY = YES;
				CLANG_WARN_ENUM_CONVERSION = YES;
				CLANG_WARN_INFINITE_RECURSION = YES;
				CLANG_WARN_INT_CONVERSION = YES;
				CLANG_WARN_NON_LITERAL_NULL_CONVERSION = YES;
				CLANG_WARN_OBJC_IMPLICIT_RETAIN_SELF = YES;
				CLANG_WARN_OBJC_LITERAL_CONVERSION = YES;
				CLANG_WARN_OBJC_ROOT_CLASS = YES_ERROR;
				CLANG_WARN_RANGE_LOOP_ANALYSIS = YES;
				CLANG_WARN_STRICT_PROTOTYPES = YES;
				CLANG_WARN_SUSPICIOUS_MOVE = YES;
				CLANG_WARN_UNGUARDED_AVAILABILITY = YES_AGGRESSIVE;
				CLANG_WARN_UNREACHABLE_CODE = YES;
				CLANG_WARN__DUPLICATE_METHOD_MATCH = YES;
				CODE_SIGN_IDENTITY = "iPhone Developer";
				COPY_PHASE_STRIP = NO;
				DEBUG_INFORMATION_FORMAT = "dwarf-with-dsym";
				ENABLE_NS_ASSERTIONS = NO;
				ENABLE_STRICT_OBJC_MSGSEND = YES;
				GCC_C_LANGUAGE_STANDARD = gnu11;
				GCC_NO_COMMON_BLOCKS = YES;
				GCC_WARN_64_TO_32_BIT_CONVERSION = YES;
				GCC_WARN_ABOUT_RETURN_TYPE = YES_ERROR;
				GCC_WARN_UNDECLARED_SELECTOR = YES;
				GCC_WARN_UNINITIALIZED_AUTOS = YES_AGGRESSIVE;
				GCC_WARN_UNUSED_FUNCTION = YES;
				GCC_WARN_UNUSED_VARIABLE = YES;
				IPHONEOS_DEPLOYMENT_TARGET = 11.3;
				MTL_ENABLE_DEBUG_INFO = NO;
				SDKROOT = iphoneos;
				VALIDATE_PRODUCT = YES;
			};
			name = Release;
		};
		0434FCF420B1C8FF008498CF /* Debug */ = {
			isa = XCBuildConfiguration;
			buildSettings = {
				ASSETCATALOG_COMPILER_APPICON_NAME = AppIcon;
				CODE_SIGN_STYLE = Automatic;
				INFOPLIST_FILE = CanadaFacts/Info.plist;
				LD_RUNPATH_SEARCH_PATHS = (
					"$(inherited)",
					"@executable_path/Frameworks",
				);
				PRODUCT_BUNDLE_IDENTIFIER = com.amal.comp.CanadaFacts;
				PRODUCT_NAME = "$(TARGET_NAME)";
				TARGETED_DEVICE_FAMILY = "1,2";
			};
			name = Debug;
		};
		0434FCF520B1C8FF008498CF /* Release */ = {
			isa = XCBuildConfiguration;
			buildSettings = {
				ASSETCATALOG_COMPILER_APPICON_NAME = AppIcon;
				CODE_SIGN_STYLE = Automatic;
				INFOPLIST_FILE = CanadaFacts/Info.plist;
				LD_RUNPATH_SEARCH_PATHS = (
					"$(inherited)",
					"@executable_path/Frameworks",
				);
				PRODUCT_BUNDLE_IDENTIFIER = com.amal.comp.CanadaFacts;
				PRODUCT_NAME = "$(TARGET_NAME)";
				TARGETED_DEVICE_FAMILY = "1,2";
			};
			name = Release;
		};
		0434FCF720B1C8FF008498CF /* Debug */ = {
			isa = XCBuildConfiguration;
			buildSettings = {
				BUNDLE_LOADER = "$(TEST_HOST)";
				CODE_SIGN_STYLE = Automatic;
				INFOPLIST_FILE = CanadaFactsTests/Info.plist;
				LD_RUNPATH_SEARCH_PATHS = (
					"$(inherited)",
					"@executable_path/Frameworks",
					"@loader_path/Frameworks",
				);
				PRODUCT_BUNDLE_IDENTIFIER = com.amal.comp.CanadaFactsTests;
				PRODUCT_NAME = "$(TARGET_NAME)";
				TARGETED_DEVICE_FAMILY = "1,2";
				TEST_HOST = "$(BUILT_PRODUCTS_DIR)/CanadaFacts.app/CanadaFacts";
			};
			name = Debug;
		};
		0434FCF820B1C8FF008498CF /* Release */ = {
			isa = XCBuildConfiguration;
			buildSettings = {
				BUNDLE_LOADER = "$(TEST_HOST)";
				CODE_SIGN_STYLE = Automatic;
				INFOPLIST_FILE = CanadaFactsTests/Info.plist;
				LD_RUNPATH_SEARCH_PATHS = (
					"$(inherited)",
					"@executable_path/Frameworks",
					"@loader_path/Frameworks",
				);
				PRODUCT_BUNDLE_IDENTIFIER = com.amal.comp.CanadaFactsTests;
				PRODUCT_NAME = "$(TARGET_NAME)";
				TARGETED_DEVICE_FAMILY = "1,2";
				TEST_HOST = "$(BUILT_PRODUCTS_DIR)/CanadaFacts.app/CanadaFacts";
			};
			name = Release;
		};
		0434FCFA20B1C8FF008498CF /* Debug */ = {
			isa = XCBuildConfiguration;
			buildSettings = {
				CODE_SIGN_STYLE = Automatic;
				INFOPLIST_FILE = CanadaFactsUITests/Info.plist;
				LD_RUNPATH_SEARCH_PATHS = (
					"$(inherited)",
					"@executable_path/Frameworks",
					"@loader_path/Frameworks",
				);
				PRODUCT_BUNDLE_IDENTIFIER = com.amal.comp.CanadaFactsUITests;
				PRODUCT_NAME = "$(TARGET_NAME)";
				TARGETED_DEVICE_FAMILY = "1,2";
				TEST_TARGET_NAME = CanadaFacts;
			};
			name = Debug;
		};
		0434FCFB20B1C8FF008498CF /* Release */ = {
			isa = XCBuildConfiguration;
			buildSettings = {
				CODE_SIGN_STYLE = Automatic;
				INFOPLIST_FILE = CanadaFactsUITests/Info.plist;
				LD_RUNPATH_SEARCH_PATHS = (
					"$(inherited)",
					"@executable_path/Frameworks",
					"@loader_path/Frameworks",
				);
				PRODUCT_BUNDLE_IDENTIFIER = com.amal.comp.CanadaFactsUITests;
				PRODUCT_NAME = "$(TARGET_NAME)";
				TARGETED_DEVICE_FAMILY = "1,2";
				TEST_TARGET_NAME = CanadaFacts;
			};
			name = Release;
		};
/* End XCBuildConfiguration section */

/* Begin XCConfigurationList section */
		0434FCC220B1C8C5008498CF /* Build configuration list for PBXProject "CanadaFacts" */ = {
			isa = XCConfigurationList;
			buildConfigurations = (
				0434FCF120B1C8FF008498CF /* Debug */,
				0434FCF220B1C8FF008498CF /* Release */,
			);
			defaultConfigurationIsVisible = 0;
			defaultConfigurationName = Release;
		};
		0434FCF320B1C8FF008498CF /* Build configuration list for PBXNativeTarget "CanadaFacts" */ = {
			isa = XCConfigurationList;
			buildConfigurations = (
				0434FCF420B1C8FF008498CF /* Debug */,
				0434FCF520B1C8FF008498CF /* Release */,
			);
			defaultConfigurationIsVisible = 0;
			defaultConfigurationName = Release;
		};
		0434FCF620B1C8FF008498CF /* Build configuration list for PBXNativeTarget "CanadaFactsTests" */ = {
			isa = XCConfigurationList;
			buildConfigurations = (
				0434FCF720B1C8FF008498CF /* Debug */,
				0434FCF820B1C8FF008498CF /* Release */,
			);
			defaultConfigurationIsVisible = 0;
			defaultConfigurationName = Release;
		};
		0434FCF920B1C8FF008498CF /* Build configuration list for PBXNativeTarget "CanadaFactsUITests" */ = {
			isa = XCConfigurationList;
			buildConfigurations = (
				0434FCFA20B1C8FF008498CF /* Debug */,
				0434FCFB20B1C8FF008498CF /* Release */,
			);
			defaultConfigurationIsVisible = 0;
			defaultConfigurationName = Release;
		};
/* End XCConfigurationList section */
	};
	rootObject = 0434FCBF20B1C8C5008498CF /* Project object */;
}
